// !$*UTF8*$!
{
	archiveVersion = 1;
	classes = {
	};
	objectVersion = 46;
	objects = {

/* Begin PBXBuildFile section */
		1C5768DC1F42D88600F35200 /* main.m in Sources */ = {isa = PBXBuildFile; fileRef = 1C5768DB1F42D88600F35200 /* main.m */; };
		1C5768DF1F42D88600F35200 /* AppDelegate.m in Sources */ = {isa = PBXBuildFile; fileRef = 1C5768DE1F42D88600F35200 /* AppDelegate.m */; };
		1C5768E21F42D88600F35200 /* ViewController.m in Sources */ = {isa = PBXBuildFile; fileRef = 1C5768E11F42D88600F35200 /* ViewController.m */; };
		1C5768E51F42D88600F35200 /* Main.storyboard in Resources */ = {isa = PBXBuildFile; fileRef = 1C5768E31F42D88600F35200 /* Main.storyboard */; };
		1C5768E71F42D88600F35200 /* Assets.xcassets in Resources */ = {isa = PBXBuildFile; fileRef = 1C5768E61F42D88600F35200 /* Assets.xcassets */; };
		1C5768EA1F42D88600F35200 /* LaunchScreen.storyboard in Resources */ = {isa = PBXBuildFile; fileRef = 1C5768E81F42D88600F35200 /* LaunchScreen.storyboard */; };
		1C5768F51F42D88600F35200 /* YFCategoryDemoTests.m in Sources */ = {isa = PBXBuildFile; fileRef = 1C5768F41F42D88600F35200 /* YFCategoryDemoTests.m */; };
		1C5769001F42D88600F35200 /* YFCategoryDemoUITests.m in Sources */ = {isa = PBXBuildFile; fileRef = 1C5768FF1F42D88600F35200 /* YFCategoryDemoUITests.m */; };
		1C5769271F42F18F00F35200 /* NSObject+YFCategory.m in Sources */ = {isa = PBXBuildFile; fileRef = 1C5769201F42F18F00F35200 /* NSObject+YFCategory.m */; };
		1C5769281F42F18F00F35200 /* UIDevice+YFCategory.m in Sources */ = {isa = PBXBuildFile; fileRef = 1C5769231F42F18F00F35200 /* UIDevice+YFCategory.m */; };
		1C5769291F42F18F00F35200 /* UIView+YFCategory.m in Sources */ = {isa = PBXBuildFile; fileRef = 1C5769251F42F18F00F35200 /* UIView+YFCategory.m */; };
		1C57692B1F42F38900F35200 /* YFCategory.podspec in Resources */ = {isa = PBXBuildFile; fileRef = 1C57692A1F42F38900F35200 /* YFCategory.podspec */; };
		1CF6665E2240926000917197 /* NSDate+YFCategory.m in Sources */ = {isa = PBXBuildFile; fileRef = 1CF6665D2240926000917197 /* NSDate+YFCategory.m */; };
		1CF66661224092A200917197 /* NSString+YFCategory.m in Sources */ = {isa = PBXBuildFile; fileRef = 1CF66660224092A200917197 /* NSString+YFCategory.m */; };
		1CF666642240956500917197 /* UIColor+YFCategory.m in Sources */ = {isa = PBXBuildFile; fileRef = 1CF666632240956500917197 /* UIColor+YFCategory.m */; };
		1CF66667224095BC00917197 /* UIImage+YFCategory.m in Sources */ = {isa = PBXBuildFile; fileRef = 1CF66666224095BC00917197 /* UIImage+YFCategory.m */; };
		1CF6666F2240BC1C00917197 /* PHAsset+YFCategory.m in Sources */ = {isa = PBXBuildFile; fileRef = 1CF6666E2240BC1C00917197 /* PHAsset+YFCategory.m */; };
/* End PBXBuildFile section */

/* Begin PBXContainerItemProxy section */
		1C5768F11F42D88600F35200 /* PBXContainerItemProxy */ = {
			isa = PBXContainerItemProxy;
			containerPortal = 1C5768CF1F42D88600F35200 /* Project object */;
			proxyType = 1;
			remoteGlobalIDString = 1C5768D61F42D88600F35200;
			remoteInfo = YFCategoryDemo;
		};
		1C5768FC1F42D88600F35200 /* PBXContainerItemProxy */ = {
			isa = PBXContainerItemProxy;
			containerPortal = 1C5768CF1F42D88600F35200 /* Project object */;
			proxyType = 1;
			remoteGlobalIDString = 1C5768D61F42D88600F35200;
			remoteInfo = YFCategoryDemo;
		};
/* End PBXContainerItemProxy section */

/* Begin PBXFileReference section */
		1C5768D71F42D88600F35200 /* YFCategoryDemo.app */ = {isa = PBXFileReference; explicitFileType = wrapper.application; includeInIndex = 0; path = YFCategoryDemo.app; sourceTree = BUILT_PRODUCTS_DIR; };
		1C5768DB1F42D88600F35200 /* main.m */ = {isa = PBXFileReference; lastKnownFileType = sourcecode.c.objc; path = main.m; sourceTree = "<group>"; };
		1C5768DD1F42D88600F35200 /* AppDelegate.h */ = {isa = PBXFileReference; lastKnownFileType = sourcecode.c.h; path = AppDelegate.h; sourceTree = "<group>"; };
		1C5768DE1F42D88600F35200 /* AppDelegate.m */ = {isa = PBXFileReference; lastKnownFileType = sourcecode.c.objc; path = AppDelegate.m; sourceTree = "<group>"; };
		1C5768E01F42D88600F35200 /* ViewController.h */ = {isa = PBXFileReference; lastKnownFileType = sourcecode.c.h; path = ViewController.h; sourceTree = "<group>"; };
		1C5768E11F42D88600F35200 /* ViewController.m */ = {isa = PBXFileReference; lastKnownFileType = sourcecode.c.objc; path = ViewController.m; sourceTree = "<group>"; };
		1C5768E41F42D88600F35200 /* Base */ = {isa = PBXFileReference; lastKnownFileType = file.storyboard; name = Base; path = Base.lproj/Main.storyboard; sourceTree = "<group>"; };
		1C5768E61F42D88600F35200 /* Assets.xcassets */ = {isa = PBXFileReference; lastKnownFileType = folder.assetcatalog; path = Assets.xcassets; sourceTree = "<group>"; };
		1C5768E91F42D88600F35200 /* Base */ = {isa = PBXFileReference; lastKnownFileType = file.storyboard; name = Base; path = Base.lproj/LaunchScreen.storyboard; sourceTree = "<group>"; };
		1C5768EB1F42D88600F35200 /* Info.plist */ = {isa = PBXFileReference; lastKnownFileType = text.plist.xml; path = Info.plist; sourceTree = "<group>"; };
		1C5768F01F42D88600F35200 /* YFCategoryDemoTests.xctest */ = {isa = PBXFileReference; explicitFileType = wrapper.cfbundle; includeInIndex = 0; path = YFCategoryDemoTests.xctest; sourceTree = BUILT_PRODUCTS_DIR; };
		1C5768F41F42D88600F35200 /* YFCategoryDemoTests.m */ = {isa = PBXFileReference; lastKnownFileType = sourcecode.c.objc; path = YFCategoryDemoTests.m; sourceTree = "<group>"; };
		1C5768F61F42D88600F35200 /* Info.plist */ = {isa = PBXFileReference; lastKnownFileType = text.plist.xml; path = Info.plist; sourceTree = "<group>"; };
		1C5768FB1F42D88600F35200 /* YFCategoryDemoUITests.xctest */ = {isa = PBXFileReference; explicitFileType = wrapper.cfbundle; includeInIndex = 0; path = YFCategoryDemoUITests.xctest; sourceTree = BUILT_PRODUCTS_DIR; };
		1C5768FF1F42D88600F35200 /* YFCategoryDemoUITests.m */ = {isa = PBXFileReference; lastKnownFileType = sourcecode.c.objc; path = YFCategoryDemoUITests.m; sourceTree = "<group>"; };
		1C5769011F42D88600F35200 /* Info.plist */ = {isa = PBXFileReference; lastKnownFileType = text.plist.xml; path = Info.plist; sourceTree = "<group>"; };
		1C57691F1F42F18F00F35200 /* NSObject+YFCategory.h */ = {isa = PBXFileReference; fileEncoding = 4; lastKnownFileType = sourcecode.c.h; path = "NSObject+YFCategory.h"; sourceTree = "<group>"; };
		1C5769201F42F18F00F35200 /* NSObject+YFCategory.m */ = {isa = PBXFileReference; fileEncoding = 4; lastKnownFileType = sourcecode.c.objc; path = "NSObject+YFCategory.m"; sourceTree = "<group>"; };
		1C5769221F42F18F00F35200 /* UIDevice+YFCategory.h */ = {isa = PBXFileReference; fileEncoding = 4; lastKnownFileType = sourcecode.c.h; path = "UIDevice+YFCategory.h"; sourceTree = "<group>"; };
		1C5769231F42F18F00F35200 /* UIDevice+YFCategory.m */ = {isa = PBXFileReference; fileEncoding = 4; lastKnownFileType = sourcecode.c.objc; path = "UIDevice+YFCategory.m"; sourceTree = "<group>"; };
		1C5769241F42F18F00F35200 /* UIView+YFCategory.h */ = {isa = PBXFileReference; fileEncoding = 4; lastKnownFileType = sourcecode.c.h; path = "UIView+YFCategory.h"; sourceTree = "<group>"; };
		1C5769251F42F18F00F35200 /* UIView+YFCategory.m */ = {isa = PBXFileReference; fileEncoding = 4; lastKnownFileType = sourcecode.c.objc; path = "UIView+YFCategory.m"; sourceTree = "<group>"; };
		1C5769261F42F18F00F35200 /* YFCategory.h */ = {isa = PBXFileReference; fileEncoding = 4; lastKnownFileType = sourcecode.c.h; path = YFCategory.h; sourceTree = "<group>"; };
		1C57692A1F42F38900F35200 /* YFCategory.podspec */ = {isa = PBXFileReference; fileEncoding = 4; lastKnownFileType = text; name = YFCategory.podspec; path = ../../YFCategory.podspec; sourceTree = "<group>"; };
		1CF6665C2240926000917197 /* NSDate+YFCategory.h */ = {isa = PBXFileReference; lastKnownFileType = sourcecode.c.h; path = "NSDate+YFCategory.h"; sourceTree = "<group>"; };
		1CF6665D2240926000917197 /* NSDate+YFCategory.m */ = {isa = PBXFileReference; lastKnownFileType = sourcecode.c.objc; path = "NSDate+YFCategory.m"; sourceTree = "<group>"; };
		1CF6665F224092A200917197 /* NSString+YFCategory.h */ = {isa = PBXFileReference; lastKnownFileType = sourcecode.c.h; path = "NSString+YFCategory.h"; sourceTree = "<group>"; };
		1CF66660224092A200917197 /* NSString+YFCategory.m */ = {isa = PBXFileReference; lastKnownFileType = sourcecode.c.objc; path = "NSString+YFCategory.m"; sourceTree = "<group>"; };
		1CF666622240956500917197 /* UIColor+YFCategory.h */ = {isa = PBXFileReference; lastKnownFileType = sourcecode.c.h; path = "UIColor+YFCategory.h"; sourceTree = "<group>"; };
		1CF666632240956500917197 /* UIColor+YFCategory.m */ = {isa = PBXFileReference; lastKnownFileType = sourcecode.c.objc; path = "UIColor+YFCategory.m"; sourceTree = "<group>"; };
		1CF66665224095BC00917197 /* UIImage+YFCategory.h */ = {isa = PBXFileReference; lastKnownFileType = sourcecode.c.h; path = "UIImage+YFCategory.h"; sourceTree = "<group>"; };
		1CF66666224095BC00917197 /* UIImage+YFCategory.m */ = {isa = PBXFileReference; lastKnownFileType = sourcecode.c.objc; path = "UIImage+YFCategory.m"; sourceTree = "<group>"; };
		1CF6666A2240B92C00917197 /* YFCategory+Foundation.h */ = {isa = PBXFileReference; lastKnownFileType = sourcecode.c.h; path = "YFCategory+Foundation.h"; sourceTree = "<group>"; };
		1CF6666B2240B95A00917197 /* YFCategory+UIKit.h */ = {isa = PBXFileReference; lastKnownFileType = sourcecode.c.h; path = "YFCategory+UIKit.h"; sourceTree = "<group>"; };
		1CF6666D2240BC1C00917197 /* PHAsset+YFCategory.h */ = {isa = PBXFileReference; lastKnownFileType = sourcecode.c.h; path = "PHAsset+YFCategory.h"; sourceTree = "<group>"; };
		1CF6666E2240BC1C00917197 /* PHAsset+YFCategory.m */ = {isa = PBXFileReference; lastKnownFileType = sourcecode.c.objc; path = "PHAsset+YFCategory.m"; sourceTree = "<group>"; };
		1CF666702240BC9A00917197 /* YFCategory+Photos.h */ = {isa = PBXFileReference; lastKnownFileType = sourcecode.c.h; path = "YFCategory+Photos.h"; sourceTree = "<group>"; };
/* End PBXFileReference section */

/* Begin PBXFrameworksBuildPhase section */
		1C5768D41F42D88600F35200 /* Frameworks */ = {
			isa = PBXFrameworksBuildPhase;
			buildActionMask = 2147483647;
			files = (
			);
			runOnlyForDeploymentPostprocessing = 0;
		};
		1C5768ED1F42D88600F35200 /* Frameworks */ = {
			isa = PBXFrameworksBuildPhase;
			buildActionMask = 2147483647;
			files = (
			);
			runOnlyForDeploymentPostprocessing = 0;
		};
		1C5768F81F42D88600F35200 /* Frameworks */ = {
			isa = PBXFrameworksBuildPhase;
			buildActionMask = 2147483647;
			files = (
			);
			runOnlyForDeploymentPostprocessing = 0;
		};
/* End PBXFrameworksBuildPhase section */

/* Begin PBXGroup section */
		1C5768CE1F42D88600F35200 = {
			isa = PBXGroup;
			children = (
				1C5768D91F42D88600F35200 /* YFCategoryDemo */,
				1C5768F31F42D88600F35200 /* YFCategoryDemoTests */,
				1C5768FE1F42D88600F35200 /* YFCategoryDemoUITests */,
				1C5768D81F42D88600F35200 /* Products */,
			);
			sourceTree = "<group>";
		};
		1C5768D81F42D88600F35200 /* Products */ = {
			isa = PBXGroup;
			children = (
				1C5768D71F42D88600F35200 /* YFCategoryDemo.app */,
				1C5768F01F42D88600F35200 /* YFCategoryDemoTests.xctest */,
				1C5768FB1F42D88600F35200 /* YFCategoryDemoUITests.xctest */,
			);
			name = Products;
			sourceTree = "<group>";
		};
		1C5768D91F42D88600F35200 /* YFCategoryDemo */ = {
			isa = PBXGroup;
			children = (
				1C57691D1F42F18F00F35200 /* YFCategory */,
				1C57692A1F42F38900F35200 /* YFCategory.podspec */,
				1C5768DD1F42D88600F35200 /* AppDelegate.h */,
				1C5768DE1F42D88600F35200 /* AppDelegate.m */,
				1C5768E01F42D88600F35200 /* ViewController.h */,
				1C5768E11F42D88600F35200 /* ViewController.m */,
				1C5768E31F42D88600F35200 /* Main.storyboard */,
				1C5768E61F42D88600F35200 /* Assets.xcassets */,
				1C5768E81F42D88600F35200 /* LaunchScreen.storyboard */,
				1C5768EB1F42D88600F35200 /* Info.plist */,
				1C5768DA1F42D88600F35200 /* Supporting Files */,
			);
			path = YFCategoryDemo;
			sourceTree = "<group>";
		};
		1C5768DA1F42D88600F35200 /* Supporting Files */ = {
			isa = PBXGroup;
			children = (
				1C5768DB1F42D88600F35200 /* main.m */,
			);
			name = "Supporting Files";
			sourceTree = "<group>";
		};
		1C5768F31F42D88600F35200 /* YFCategoryDemoTests */ = {
			isa = PBXGroup;
			children = (
				1C5768F41F42D88600F35200 /* YFCategoryDemoTests.m */,
				1C5768F61F42D88600F35200 /* Info.plist */,
			);
			path = YFCategoryDemoTests;
			sourceTree = "<group>";
		};
		1C5768FE1F42D88600F35200 /* YFCategoryDemoUITests */ = {
			isa = PBXGroup;
			children = (
				1C5768FF1F42D88600F35200 /* YFCategoryDemoUITests.m */,
				1C5769011F42D88600F35200 /* Info.plist */,
			);
			path = YFCategoryDemoUITests;
			sourceTree = "<group>";
		};
		1C57691D1F42F18F00F35200 /* YFCategory */ = {
			isa = PBXGroup;
			children = (
				1CF6666C2240BBFB00917197 /* Photos */,
				1C57691E1F42F18F00F35200 /* Foundation */,
				1C5769211F42F18F00F35200 /* UIKit */,
				1C5769261F42F18F00F35200 /* YFCategory.h */,
			);
			name = YFCategory;
			path = ../../YFCategory;
			sourceTree = "<group>";
		};
		1C57691E1F42F18F00F35200 /* Foundation */ = {
			isa = PBXGroup;
			children = (
				1C57691F1F42F18F00F35200 /* NSObject+YFCategory.h */,
				1C5769201F42F18F00F35200 /* NSObject+YFCategory.m */,
				1CF6665C2240926000917197 /* NSDate+YFCategory.h */,
				1CF6665D2240926000917197 /* NSDate+YFCategory.m */,
				1CF6665F224092A200917197 /* NSString+YFCategory.h */,
				1CF66660224092A200917197 /* NSString+YFCategory.m */,
				1CF6666A2240B92C00917197 /* YFCategory+Foundation.h */,
			);
			path = Foundation;
			sourceTree = "<group>";
		};
		1C5769211F42F18F00F35200 /* UIKit */ = {
			isa = PBXGroup;
			children = (
				1C5769221F42F18F00F35200 /* UIDevice+YFCategory.h */,
				1C5769231F42F18F00F35200 /* UIDevice+YFCategory.m */,
				1C5769241F42F18F00F35200 /* UIView+YFCategory.h */,
				1C5769251F42F18F00F35200 /* UIView+YFCategory.m */,
				1CF666622240956500917197 /* UIColor+YFCategory.h */,
				1CF666632240956500917197 /* UIColor+YFCategory.m */,
				1CF66665224095BC00917197 /* UIImage+YFCategory.h */,
				1CF66666224095BC00917197 /* UIImage+YFCategory.m */,
				1CF6666B2240B95A00917197 /* YFCategory+UIKit.h */,
			);
			path = UIKit;
			sourceTree = "<group>";
		};
		1CF6666C2240BBFB00917197 /* Photos */ = {
			isa = PBXGroup;
			children = (
				1CF6666D2240BC1C00917197 /* PHAsset+YFCategory.h */,
				1CF6666E2240BC1C00917197 /* PHAsset+YFCategory.m */,
				1CF666702240BC9A00917197 /* YFCategory+Photos.h */,
			);
			path = Photos;
			sourceTree = "<group>";
		};
/* End PBXGroup section */

/* Begin PBXNativeTarget section */
		1C5768D61F42D88600F35200 /* YFCategoryDemo */ = {
			isa = PBXNativeTarget;
			buildConfigurationList = 1C5769041F42D88600F35200 /* Build configuration list for PBXNativeTarget "YFCategoryDemo" */;
			buildPhases = (
				1C5768D31F42D88600F35200 /* Sources */,
				1C5768D41F42D88600F35200 /* Frameworks */,
				1C5768D51F42D88600F35200 /* Resources */,
			);
			buildRules = (
			);
			dependencies = (
			);
			name = YFCategoryDemo;
			productName = YFCategoryDemo;
			productReference = 1C5768D71F42D88600F35200 /* YFCategoryDemo.app */;
			productType = "com.apple.product-type.application";
		};
		1C5768EF1F42D88600F35200 /* YFCategoryDemoTests */ = {
			isa = PBXNativeTarget;
			buildConfigurationList = 1C5769071F42D88600F35200 /* Build configuration list for PBXNativeTarget "YFCategoryDemoTests" */;
			buildPhases = (
				1C5768EC1F42D88600F35200 /* Sources */,
				1C5768ED1F42D88600F35200 /* Frameworks */,
				1C5768EE1F42D88600F35200 /* Resources */,
			);
			buildRules = (
			);
			dependencies = (
				1C5768F21F42D88600F35200 /* PBXTargetDependency */,
			);
			name = YFCategoryDemoTests;
			productName = YFCategoryDemoTests;
			productReference = 1C5768F01F42D88600F35200 /* YFCategoryDemoTests.xctest */;
			productType = "com.apple.product-type.bundle.unit-test";
		};
		1C5768FA1F42D88600F35200 /* YFCategoryDemoUITests */ = {
			isa = PBXNativeTarget;
			buildConfigurationList = 1C57690A1F42D88600F35200 /* Build configuration list for PBXNativeTarget "YFCategoryDemoUITests" */;
			buildPhases = (
				1C5768F71F42D88600F35200 /* Sources */,
				1C5768F81F42D88600F35200 /* Frameworks */,
				1C5768F91F42D88600F35200 /* Resources */,
			);
			buildRules = (
			);
			dependencies = (
				1C5768FD1F42D88600F35200 /* PBXTargetDependency */,
			);
			name = YFCategoryDemoUITests;
			productName = YFCategoryDemoUITests;
			productReference = 1C5768FB1F42D88600F35200 /* YFCategoryDemoUITests.xctest */;
			productType = "com.apple.product-type.bundle.ui-testing";
		};
/* End PBXNativeTarget section */

/* Begin PBXProject section */
		1C5768CF1F42D88600F35200 /* Project object */ = {
			isa = PBXProject;
			attributes = {
				LastUpgradeCheck = 0830;
				ORGANIZATIONNAME = "刘永峰";
				TargetAttributes = {
					1C5768D61F42D88600F35200 = {
						CreatedOnToolsVersion = 8.3.2;
						DevelopmentTeam = 7AWX2MRU3G;
						ProvisioningStyle = Automatic;
					};
					1C5768EF1F42D88600F35200 = {
						CreatedOnToolsVersion = 8.3.2;
						DevelopmentTeam = 7AWX2MRU3G;
						ProvisioningStyle = Automatic;
						TestTargetID = 1C5768D61F42D88600F35200;
					};
					1C5768FA1F42D88600F35200 = {
						CreatedOnToolsVersion = 8.3.2;
						DevelopmentTeam = 7AWX2MRU3G;
						ProvisioningStyle = Automatic;
						TestTargetID = 1C5768D61F42D88600F35200;
					};
				};
			};
			buildConfigurationList = 1C5768D21F42D88600F35200 /* Build configuration list for PBXProject "YFCategoryDemo" */;
			compatibilityVersion = "Xcode 3.2";
			developmentRegion = English;
			hasScannedForEncodings = 0;
			knownRegions = (
				en,
				Base,
			);
			mainGroup = 1C5768CE1F42D88600F35200;
			productRefGroup = 1C5768D81F42D88600F35200 /* Products */;
			projectDirPath = "";
			projectRoot = "";
			targets = (
				1C5768D61F42D88600F35200 /* YFCategoryDemo */,
				1C5768EF1F42D88600F35200 /* YFCategoryDemoTests */,
				1C5768FA1F42D88600F35200 /* YFCategoryDemoUITests */,
			);
		};
/* End PBXProject section */

/* Begin PBXResourcesBuildPhase section */
		1C5768D51F42D88600F35200 /* Resources */ = {
			isa = PBXResourcesBuildPhase;
			buildActionMask = 2147483647;
			files = (
				1C5768EA1F42D88600F35200 /* LaunchScreen.storyboard in Resources */,
				1C5768E71F42D88600F35200 /* Assets.xcassets in Resources */,
				1C5768E51F42D88600F35200 /* Main.storyboard in Resources */,
				1C57692B1F42F38900F35200 /* YFCategory.podspec in Resources */,
			);
			runOnlyForDeploymentPostprocessing = 0;
		};
		1C5768EE1F42D88600F35200 /* Resources */ = {
			isa = PBXResourcesBuildPhase;
			buildActionMask = 2147483647;
			files = (
			);
			runOnlyForDeploymentPostprocessing = 0;
		};
		1C5768F91F42D88600F35200 /* Resources */ = {
			isa = PBXResourcesBuildPhase;
			buildActionMask = 2147483647;
			files = (
			);
			runOnlyForDeploymentPostprocessing = 0;
		};
/* End PBXResourcesBuildPhase section */

/* Begin PBXSourcesBuildPhase section */
		1C5768D31F42D88600F35200 /* Sources */ = {
			isa = PBXSourcesBuildPhase;
			buildActionMask = 2147483647;
			files = (
				1CF66667224095BC00917197 /* UIImage+YFCategory.m in Sources */,
				1CF66661224092A200917197 /* NSString+YFCategory.m in Sources */,
				1C5769271F42F18F00F35200 /* NSObject+YFCategory.m in Sources */,
				1C5768E21F42D88600F35200 /* ViewController.m in Sources */,
				1C5768DF1F42D88600F35200 /* AppDelegate.m in Sources */,
				1C5768DC1F42D88600F35200 /* main.m in Sources */,
				1C5769281F42F18F00F35200 /* UIDevice+YFCategory.m in Sources */,
				1CF666642240956500917197 /* UIColor+YFCategory.m in Sources */,
				1CF6665E2240926000917197 /* NSDate+YFCategory.m in Sources */,
				1C5769291F42F18F00F35200 /* UIView+YFCategory.m in Sources */,
				1CF6666F2240BC1C00917197 /* PHAsset+YFCategory.m in Sources */,
			);
			runOnlyForDeploymentPostprocessing = 0;
		};
		1C5768EC1F42D88600F35200 /* Sources */ = {
			isa = PBXSourcesBuildPhase;
			buildActionMask = 2147483647;
			files = (
				1C5768F51F42D88600F35200 /* YFCategoryDemoTests.m in Sources */,
			);
			runOnlyForDeploymentPostprocessing = 0;
		};
		1C5768F71F42D88600F35200 /* Sources */ = {
			isa = PBXSourcesBuildPhase;
			buildActionMask = 2147483647;
			files = (
				1C5769001F42D88600F35200 /* YFCategoryDemoUITests.m in Sources */,
			);
			runOnlyForDeploymentPostprocessing = 0;
		};
/* End PBXSourcesBuildPhase section */

/* Begin PBXTargetDependency section */
		1C5768F21F42D88600F35200 /* PBXTargetDependency */ = {
			isa = PBXTargetDependency;
			target = 1C5768D61F42D88600F35200 /* YFCategoryDemo */;
			targetProxy = 1C5768F11F42D88600F35200 /* PBXContainerItemProxy */;
		};
		1C5768FD1F42D88600F35200 /* PBXTargetDependency */ = {
			isa = PBXTargetDependency;
			target = 1C5768D61F42D88600F35200 /* YFCategoryDemo */;
			targetProxy = 1C5768FC1F42D88600F35200 /* PBXContainerItemProxy */;
		};
/* End PBXTargetDependency section */

/* Begin PBXVariantGroup section */
		1C5768E31F42D88600F35200 /* Main.storyboard */ = {
			isa = PBXVariantGroup;
			children = (
				1C5768E41F42D88600F35200 /* Base */,
			);
			name = Main.storyboard;
			sourceTree = "<group>";
		};
		1C5768E81F42D88600F35200 /* LaunchScreen.storyboard */ = {
			isa = PBXVariantGroup;
			children = (
				1C5768E91F42D88600F35200 /* Base */,
			);
			name = LaunchScreen.storyboard;
			sourceTree = "<group>";
		};
/* End PBXVariantGroup section */

/* Begin XCBuildConfiguration section */
		1C5769021F42D88600F35200 /* Debug */ = {
			isa = XCBuildConfiguration;
			buildSettings = {
				ALWAYS_SEARCH_USER_PATHS = NO;
				CLANG_ANALYZER_NONNULL = YES;
				CLANG_ANALYZER_NUMBER_OBJECT_CONVERSION = YES_AGGRESSIVE;
				CLANG_CXX_LANGUAGE_STANDARD = "gnu++0x";
				CLANG_CXX_LIBRARY = "libc++";
				CLANG_ENABLE_MODULES = YES;
				CLANG_ENABLE_OBJC_ARC = YES;
				CLANG_WARN_BOOL_CONVERSION = YES;
				CLANG_WARN_CONSTANT_CONVERSION = YES;
				CLANG_WARN_DIRECT_OBJC_ISA_USAGE = YES_ERROR;
				CLANG_WARN_DOCUMENTATION_COMMENTS = YES;
				CLANG_WARN_EMPTY_BODY = YES;
				CLANG_WARN_ENUM_CONVERSION = YES;
				CLANG_WARN_INFINITE_RECURSION = YES;
				CLANG_WARN_INT_CONVERSION = YES;
				CLANG_WARN_OBJC_ROOT_CLASS = YES_ERROR;
				CLANG_WARN_SUSPICIOUS_MOVE = YES;
				CLANG_WARN_UNREACHABLE_CODE = YES;
				CLANG_WARN__DUPLICATE_METHOD_MATCH = YES;
				"CODE_SIGN_IDENTITY[sdk=iphoneos*]" = "iPhone Developer";
				COPY_PHASE_STRIP = NO;
				DEBUG_INFORMATION_FORMAT = dwarf;
				ENABLE_STRICT_OBJC_MSGSEND = YES;
				ENABLE_TESTABILITY = YES;
				GCC_C_LANGUAGE_STANDARD = gnu99;
				GCC_DYNAMIC_NO_PIC = NO;
				GCC_NO_COMMON_BLOCKS = YES;
				GCC_OPTIMIZATION_LEVEL = 0;
				GCC_PREPROCESSOR_DEFINITIONS = (
					"DEBUG=1",
					"$(inherited)",
				);
				GCC_WARN_64_TO_32_BIT_CONVERSION = YES;
				GCC_WARN_ABOUT_RETURN_TYPE = YES_ERROR;
				GCC_WARN_UNDECLARED_SELECTOR = YES;
				GCC_WARN_UNINITIALIZED_AUTOS = YES_AGGRESSIVE;
				GCC_WARN_UNUSED_FUNCTION = YES;
				GCC_WARN_UNUSED_VARIABLE = YES;
				IPHONEOS_DEPLOYMENT_TARGET = 10.3;
				MTL_ENABLE_DEBUG_INFO = YES;
				ONLY_ACTIVE_ARCH = YES;
				SDKROOT = iphoneos;
				TARGETED_DEVICE_FAMILY = "1,2";
			};
			name = Debug;
		};
		1C5769031F42D88600F35200 /* Release */ = {
			isa = XCBuildConfiguration;
			buildSettings = {
				ALWAYS_SEARCH_USER_PATHS = NO;
				CLANG_ANALYZER_NONNULL = YES;
				CLANG_ANALYZER_NUMBER_OBJECT_CONVERSION = YES_AGGRESSIVE;
				CLANG_CXX_LANGUAGE_STANDARD = "gnu++0x";
				CLANG_CXX_LIBRARY = "libc++";
				CLANG_ENABLE_MODULES = YES;
				CLANG_ENABLE_OBJC_ARC = YES;
				CLANG_WARN_BOOL_CONVERSION = YES;
				CLANG_WARN_CONSTANT_CONVERSION = YES;
				CLANG_WARN_DIRECT_OBJC_ISA_USAGE = YES_ERROR;
				CLANG_WARN_DOCUMENTATION_COMMENTS = YES;
				CLANG_WARN_EMPTY_BODY = YES;
				CLANG_WARN_ENUM_CONVERSION = YES;
				CLANG_WARN_INFINITE_RECURSION = YES;
				CLANG_WARN_INT_CONVERSION = YES;
				CLANG_WARN_OBJC_ROOT_CLASS = YES_ERROR;
				CLANG_WARN_SUSPICIOUS_MOVE = YES;
				CLANG_WARN_UNREACHABLE_CODE = YES;
				CLANG_WARN__DUPLICATE_METHOD_MATCH = YES;
				"CODE_SIGN_IDENTITY[sdk=iphoneos*]" = "iPhone Developer";
				COPY_PHASE_STRIP = NO;
				DEBUG_INFORMATION_FORMAT = "dwarf-with-dsym";
				ENABLE_NS_ASSERTIONS = NO;
				ENABLE_STRICT_OBJC_MSGSEND = YES;
				GCC_C_LANGUAGE_STANDARD = gnu99;
				GCC_NO_COMMON_BLOCKS = YES;
				GCC_WARN_64_TO_32_BIT_CONVERSION = YES;
				GCC_WARN_ABOUT_RETURN_TYPE = YES_ERROR;
				GCC_WARN_UNDECLARED_SELECTOR = YES;
				GCC_WARN_UNINITIALIZED_AUTOS = YES_AGGRESSIVE;
				GCC_WARN_UNUSED_FUNCTION = YES;
				GCC_WARN_UNUSED_VARIABLE = YES;
				IPHONEOS_DEPLOYMENT_TARGET = 10.3;
				MTL_ENABLE_DEBUG_INFO = NO;
				SDKROOT = iphoneos;
				TARGETED_DEVICE_FAMILY = "1,2";
				VALIDATE_PRODUCT = YES;
			};
			name = Release;
		};
		1C5769051F42D88600F35200 /* Debug */ = {
			isa = XCBuildConfiguration;
			buildSettings = {
				ASSETCATALOG_COMPILER_APPICON_NAME = AppIcon;
				DEVELOPMENT_TEAM = 7AWX2MRU3G;
				INFOPLIST_FILE = YFCategoryDemo/Info.plist;
				IPHONEOS_DEPLOYMENT_TARGET = 8.0;
				LD_RUNPATH_SEARCH_PATHS = "$(inherited) @executable_path/Frameworks";
				PRODUCT_BUNDLE_IDENTIFIER = com.witgo.YFCategoryDemo;
				PRODUCT_NAME = "$(TARGET_NAME)";
			};
			name = Debug;
		};
		1C5769061F42D88600F35200 /* Release */ = {
			isa = XCBuildConfiguration;
			buildSettings = {
				ASSETCATALOG_COMPILER_APPICON_NAME = AppIcon;
				DEVELOPMENT_TEAM = 7AWX2MRU3G;
				INFOPLIST_FILE = YFCategoryDemo/Info.plist;
				IPHONEOS_DEPLOYMENT_TARGET = 8.0;
				LD_RUNPATH_SEARCH_PATHS = "$(inherited) @executable_path/Frameworks";
				PRODUCT_BUNDLE_IDENTIFIER = com.witgo.YFCategoryDemo;
				PRODUCT_NAME = "$(TARGET_NAME)";
			};
			name = Release;
		};
		1C5769081F42D88600F35200 /* Debug */ = {
			isa = XCBuildConfiguration;
			buildSettings = {
				BUNDLE_LOADER = "$(TEST_HOST)";
				DEVELOPMENT_TEAM = 7AWX2MRU3G;
				INFOPLIST_FILE = YFCategoryDemoTests/Info.plist;
				LD_RUNPATH_SEARCH_PATHS = "$(inherited) @executable_path/Frameworks @loader_path/Frameworks";
				PRODUCT_BUNDLE_IDENTIFIER = com.witgo.YFCategoryDemoTests;
				PRODUCT_NAME = "$(TARGET_NAME)";
				TEST_HOST = "$(BUILT_PRODUCTS_DIR)/YFCategoryDemo.app/YFCategoryDemo";
			};
			name = Debug;
		};
		1C5769091F42D88600F35200 /* Release */ = {
			isa = XCBuildConfiguration;
			buildSettings = {
				BUNDLE_LOADER = "$(TEST_HOST)";
				DEVELOPMENT_TEAM = 7AWX2MRU3G;
				INFOPLIST_FILE = YFCategoryDemoTests/Info.plist;
				LD_RUNPATH_SEARCH_PATHS = "$(inherited) @executable_path/Frameworks @loader_path/Frameworks";
				PRODUCT_BUNDLE_IDENTIFIER = com.witgo.YFCategoryDemoTests;
				PRODUCT_NAME = "$(TARGET_NAME)";
				TEST_HOST = "$(BUILT_PRODUCTS_DIR)/YFCategoryDemo.app/YFCategoryDemo";
			};
			name = Release;
		};
		1C57690B1F42D88600F35200 /* Debug */ = {
			isa = XCBuildConfiguration;
			buildSettings = {
				DEVELOPMENT_TEAM = 7AWX2MRU3G;
				INFOPLIST_FILE = YFCategoryDemoUITests/Info.plist;
				LD_RUNPATH_SEARCH_PATHS = "$(inherited) @executable_path/Frameworks @loader_path/Frameworks";
				PRODUCT_BUNDLE_IDENTIFIER = com.witgo.YFCategoryDemoUITests;
				PRODUCT_NAME = "$(TARGET_NAME)";
				TEST_TARGET_NAME = YFCategoryDemo;
			};
			name = Debug;
		};
		1C57690C1F42D88600F35200 /* Release */ = {
			isa = XCBuildConfiguration;
			buildSettings = {
				DEVELOPMENT_TEAM = 7AWX2MRU3G;
				INFOPLIST_FILE = YFCategoryDemoUITests/Info.plist;
				LD_RUNPATH_SEARCH_PATHS = "$(inherited) @executable_path/Frameworks @loader_path/Frameworks";
				PRODUCT_BUNDLE_IDENTIFIER = com.witgo.YFCategoryDemoUITests;
				PRODUCT_NAME = "$(TARGET_NAME)";
				TEST_TARGET_NAME = YFCategoryDemo;
			};
			name = Release;
		};
/* End XCBuildConfiguration section */

/* Begin XCConfigurationList section */
		1C5768D21F42D88600F35200 /* Build configuration list for PBXProject "YFCategoryDemo" */ = {
			isa = XCConfigurationList;
			buildConfigurations = (
				1C5769021F42D88600F35200 /* Debug */,
				1C5769031F42D88600F35200 /* Release */,
			);
			defaultConfigurationIsVisible = 0;
			defaultConfigurationName = Release;
		};
		1C5769041F42D88600F35200 /* Build configuration list for PBXNativeTarget "YFCategoryDemo" */ = {
			isa = XCConfigurationList;
			buildConfigurations = (
				1C5769051F42D88600F35200 /* Debug */,
				1C5769061F42D88600F35200 /* Release */,
			);
			defaultConfigurationIsVisible = 0;
			defaultConfigurationName = Release;
		};
		1C5769071F42D88600F35200 /* Build configuration list for PBXNativeTarget "YFCategoryDemoTests" */ = {
			isa = XCConfigurationList;
			buildConfigurations = (
				1C5769081F42D88600F35200 /* Debug */,
				1C5769091F42D88600F35200 /* Release */,
			);
			defaultConfigurationIsVisible = 0;
			defaultConfigurationName = Release;
		};
		1C57690A1F42D88600F35200 /* Build configuration list for PBXNativeTarget "YFCategoryDemoUITests" */ = {
			isa = XCConfigurationList;
			buildConfigurations = (
				1C57690B1F42D88600F35200 /* Debug */,
				1C57690C1F42D88600F35200 /* Release */,
			);
			defaultConfigurationIsVisible = 0;
			defaultConfigurationName = Release;
		};
/* End XCConfigurationList section */
	};
	rootObject = 1C5768CF1F42D88600F35200 /* Project object */;
}
